
Microsoft Visual Studio Solution File, Format Version 12.00
# Visual Studio Version 17
VisualStudioVersion = 17.11.35312.102
MinimumVisualStudioVersion = 10.0.40219.1
Project("{FAE04EC0-301F-11D3-BF4B-00C04F79EFBC}") = "Order.API", "Order.API\Order.API.csproj", "{65E09D32-F136-4724-AD31-8B0CD53C91E9}"
EndProject
Project("{FAE04EC0-301F-11D3-BF4B-00C04F79EFBC}") = "Stock.API", "Stock.API\Stock.API.csproj", "{33F503A0-282F-4FB2-A478-2DC0001E835E}"
EndProject
Project("{FAE04EC0-301F-11D3-BF4B-00C04F79EFBC}") = "Payment.API", "Payment.API\Payment.API.csproj", "{6C9B2483-7C6B-47F7-9FF3-AB623532128E}"
EndProject
Project("{FAE04EC0-301F-11D3-BF4B-00C04F79EFBC}") = "Shared", "Shared\Shared.csproj", "{98DFC4AF-B7EF-4D78-838C-607EE450F8CC}"
EndProject
Project("{FAE04EC0-301F-11D3-BF4B-00C04F79EFBC}") = "SagaStateMachine.Service", "SagaStateMachine.Service\SagaStateMachine.Service.csproj", "{0D8766F3-734E-4608-A17A-21627AC11E9E}"
EndProject
Global
	GlobalSection(SolutionConfigurationPlatforms) = preSolution
		Debug|Any CPU = Debug|Any CPU
		Release|Any CPU = Release|Any CPU
	EndGlobalSection
	GlobalSection(ProjectConfigurationPlatforms) = postSolution
		{65E09D32-F136-4724-AD31-8B0CD53C91E9}.Debug|Any CPU.ActiveCfg = Debug|Any CPU
		{65E09D32-F136-4724-AD31-8B0CD53C91E9}.Debug|Any CPU.Build.0 = Debug|Any CPU
		{65E09D32-F136-4724-AD31-8B0CD53C91E9}.Release|Any CPU.ActiveCfg = Release|Any CPU
		{65E09D32-F136-4724-AD31-8B0CD53C91E9}.Release|Any CPU.Build.0 = Release|Any CPU
		{33F503A0-282F-4FB2-A478-2DC0001E835E}.Debug|Any CPU.ActiveCfg = Debug|Any CPU
		{33F503A0-282F-4FB2-A478-2DC0001E835E}.Debug|Any CPU.Build.0 = Debug|Any CPU
		{33F503A0-282F-4FB2-A478-2DC0001E835E}.Release|Any CPU.ActiveCfg = Release|Any CPU
		{33F503A0-282F-4FB2-A478-2DC0001E835E}.Release|Any CPU.Build.0 = Release|Any CPU
		{6C9B2483-7C6B-47F7-9FF3-AB623532128E}.Debug|Any CPU.ActiveCfg = Debug|Any CPU
		{6C9B2483-7C6B-47F7-9FF3-AB623532128E}.Debug|Any CPU.Build.0 = Debug|Any CPU
		{6C9B2483-7C6B-47F7-9FF3-AB623532128E}.Release|Any CPU.ActiveCfg = Release|Any CPU
		{6C9B2483-7C6B-47F7-9FF3-AB623532128E}.Release|Any CPU.Build.0 = Release|Any CPU
		{98DFC4AF-B7EF-4D78-838C-607EE450F8CC}.Debug|Any CPU.ActiveCfg = Debug|Any CPU
		{98DFC4AF-B7EF-4D78-838C-607EE450F8CC}.Debug|Any CPU.Build.0 = Debug|Any CPU
		{98DFC4AF-B7EF-4D78-838C-607EE450F8CC}.Release|Any CPU.ActiveCfg = Release|Any CPU
		{98DFC4AF-B7EF-4D78-838C-607EE450F8CC}.Release|Any CPU.Build.0 = Release|Any CPU
		{0D8766F3-734E-4608-A17A-21627AC11E9E}.Debug|Any CPU.ActiveCfg = Debug|Any CPU
		{0D8766F3-734E-4608-A17A-21627AC11E9E}.Debug|Any CPU.Build.0 = Debug|Any CPU
		{0D8766F3-734E-4608-A17A-21627AC11E9E}.Release|Any CPU.ActiveCfg = Release|Any CPU
		{0D8766F3-734E-4608-A17A-21627AC11E9E}.Release|Any CPU.Build.0 = Release|Any CPU
	EndGlobalSection
	GlobalSection(SolutionProperties) = preSolution
		HideSolutionNode = FALSE
	EndGlobalSection
	GlobalSection(ExtensibilityGlobals) = postSolution
		SolutionGuid = {6962C87C-F3F5-46E6-979F-565D6F0CDFA7}
	EndGlobalSection
EndGlobal
